
Microsoft Visual Studio Solution File, Format Version 12.00
# Visual Studio 15
Project("{FAE04EC0-301F-11D3-BF4B-00C04F79EFBC}") = "Assembly-CSharp", "Assembly-CSharp.csproj", "{F98D13FF-1F73-F30E-E234-F584050FCE71}"
EndProject
Project("{FAE04EC0-301F-11D3-BF4B-00C04F79EFBC}") = "Assembly-CSharp-Editor", "Assembly-CSharp-Editor.csproj", "{C5E26F13-B513-DE70-573B-641A35734181}"
EndProject
Global
	GlobalSection(SolutionConfigurationPlatforms) = preSolution
		Debug|Any CPU = Debug|Any CPU
		Release|Any CPU = Release|Any CPU
	EndGlobalSection
	GlobalSection(ProjectConfigurationPlatforms) = postSolution
		{F98D13FF-1F73-F30E-E234-F584050FCE71}.Debug|Any CPU.ActiveCfg = Debug|Any CPU
		{F98D13FF-1F73-F30E-E234-F584050FCE71}.Debug|Any CPU.Build.0 = Debug|Any CPU
		{F98D13FF-1F73-F30E-E234-F584050FCE71}.Release|Any CPU.ActiveCfg = Release|Any CPU
		{F98D13FF-1F73-F30E-E234-F584050FCE71}.Release|Any CPU.Build.0 = Release|Any CPU
		{C5E26F13-B513-DE70-573B-641A35734181}.Debug|Any CPU.ActiveCfg = Debug|Any CPU
		{C5E26F13-B513-DE70-573B-641A35734181}.Debug|Any CPU.Build.0 = Debug|Any CPU
		{C5E26F13-B513-DE70-573B-641A35734181}.Release|Any CPU.ActiveCfg = Release|Any CPU
		{C5E26F13-B513-DE70-573B-641A35734181}.Release|Any CPU.Build.0 = Release|Any CPU
	EndGlobalSection
	GlobalSection(SolutionProperties) = preSolution
		HideSolutionNode = FALSE
	EndGlobalSection
EndGlobal
